{
  "name": "first-app",
  "version": "1.0.0",
  "lockfileVersion": 1,
  "requires": true,
  "dependencies": {
    "@google-cloud/promisify": {
      "version": "2.0.4",
      "resolved": "https://registry.npmjs.org/@google-cloud/promisify/-/promisify-2.0.4.tgz",
      "integrity": "sha512-j8yRSSqswWi1QqUGKVEKOG03Q7qOoZP6/h2zN2YO+F5h2+DHU0bSrHCK9Y7lo2DI9fBd8qGAw795sf+3Jva4yA=="
    }
  }
}
